
Microsoft Visual Studio Solution File, Format Version 12.00
Project("{FAE04EC0-301F-11D3-BF4B-00C04F79EFBC}") = "TimeKeeper", "TimeKeeper\TimeKeeper.csproj", "{BDAD186C-371A-468B-94C7-A6CA09AC6599}"
EndProject
Global
	GlobalSection(SolutionConfigurationPlatforms) = preSolution
		Debug|Any CPU = Debug|Any CPU
		Release|Any CPU = Release|Any CPU
	EndGlobalSection
	GlobalSection(ProjectConfigurationPlatforms) = postSolution
		{BDAD186C-371A-468B-94C7-A6CA09AC6599}.Debug|Any CPU.ActiveCfg = Debug|Any CPU
		{BDAD186C-371A-468B-94C7-A6CA09AC6599}.Debug|Any CPU.Build.0 = Debug|Any CPU
		{BDAD186C-371A-468B-94C7-A6CA09AC6599}.Release|Any CPU.ActiveCfg = Release|Any CPU
		{BDAD186C-371A-468B-94C7-A6CA09AC6599}.Release|Any CPU.Build.0 = Release|Any CPU
	EndGlobalSection
EndGlobal
